Microsoft Visual Studio Solution File, Format Version 12.00
# Visual Studio Version 17
VisualStudioVersion = 17.5.2.0
MinimumVisualStudioVersion = 10.0.40219.1
Project("{FAE04EC0-301F-11D3-BF4B-00C04F79EFBC}") = "AttendanceSystemMVC", "AttendanceSystemMVC.csproj", "{611EFA6D-991A-B686-D18F-D3FE8FE9B69B}"
EndProject
Global
	GlobalSection(SolutionConfigurationPlatforms) = preSolution
		Debug|Any CPU = Debug|Any CPU
		Release|Any CPU = Release|Any CPU
	EndGlobalSection
	GlobalSection(ProjectConfigurationPlatforms) = postSolution
		{611EFA6D-991A-B686-D18F-D3FE8FE9B69B}.Debug|Any CPU.ActiveCfg = Debug|Any CPU
		{611EFA6D-991A-B686-D18F-D3FE8FE9B69B}.Debug|Any CPU.Build.0 = Debug|Any CPU
		{611EFA6D-991A-B686-D18F-D3FE8FE9B69B}.Release|Any CPU.ActiveCfg = Release|Any CPU
		{611EFA6D-991A-B686-D18F-D3FE8FE9B69B}.Release|Any CPU.Build.0 = Release|Any CPU
	EndGlobalSection
	GlobalSection(SolutionProperties) = preSolution
		HideSolutionNode = FALSE
	EndGlobalSection
	GlobalSection(ExtensibilityGlobals) = postSolution
		SolutionGuid = {E38A3EC3-766E-4D18-A761-1F3ACF86EC59}
	EndGlobalSection
EndGlobal
